
Microsoft Visual Studio Solution File, Format Version 12.00
# Visual Studio Version 16
VisualStudioVersion = 16.0.30717.126
MinimumVisualStudioVersion = 10.0.40219.1
Project("{FAE04EC0-301F-11D3-BF4B-00C04F79EFBC}") = "JavaODataGenerator", "JavaODataGenerator.csproj", "{409E5D13-C6BA-4D35-A442-FF4F8F36AB84}"
EndProject
Global
	GlobalSection(SolutionConfigurationPlatforms) = preSolution
		Debug|Any CPU = Debug|Any CPU
		Release|Any CPU = Release|Any CPU
	EndGlobalSection
	GlobalSection(ProjectConfigurationPlatforms) = postSolution
		{409E5D13-C6BA-4D35-A442-FF4F8F36AB84}.Debug|Any CPU.ActiveCfg = Debug|Any CPU
		{409E5D13-C6BA-4D35-A442-FF4F8F36AB84}.Debug|Any CPU.Build.0 = Debug|Any CPU
		{409E5D13-C6BA-4D35-A442-FF4F8F36AB84}.Release|Any CPU.ActiveCfg = Release|Any CPU
		{409E5D13-C6BA-4D35-A442-FF4F8F36AB84}.Release|Any CPU.Build.0 = Release|Any CPU
	EndGlobalSection
	GlobalSection(SolutionProperties) = preSolution
		HideSolutionNode = FALSE
	EndGlobalSection
	GlobalSection(ExtensibilityGlobals) = postSolution
		SolutionGuid = {7C9F3966-0E1A-4901-8058-7FC2CF064714}
	EndGlobalSection
EndGlobal
